{
    "_meta": {
        "hash": {
            "sha256": "a166821031f60007a08b6fec9ba3caa9dc601786a8eb3ed72bbd9342668d2b3d"
        },
        "pipfile-spec": 6,
        "requires": {
            "python_version": "3.6"
        },
        "sources": [
            {
                "name": "pypi",
                "url": "https://pypi.org/simple",
                "verify_ssl": true
            }
        ]
    },
    "default": {
        "e1839a8": {
            "editable": true,
            "path": "."
        }
    },
    "develop": {}
}
